
Microsoft Visual Studio Solution File, Format Version 12.00
# Visual Studio Version 16
VisualStudioVersion = 16.0.31129.286
MinimumVisualStudioVersion = 10.0.40219.1
Project("{FAE04EC0-301F-11D3-BF4B-00C04F79EFBC}") = "WebApplication2", "WebApplication2\WebApplication2.csproj", "{5CB69886-7C5D-4D6F-88D4-0E083B20345A}"
EndProject
Global
	GlobalSection(SolutionConfigurationPlatforms) = preSolution
		Debug|Any CPU = Debug|Any CPU
		Release|Any CPU = Release|Any CPU
	EndGlobalSection
	GlobalSection(ProjectConfigurationPlatforms) = postSolution
		{5CB69886-7C5D-4D6F-88D4-0E083B20345A}.Debug|Any CPU.ActiveCfg = Debug|Any CPU
		{5CB69886-7C5D-4D6F-88D4-0E083B20345A}.Debug|Any CPU.Build.0 = Debug|Any CPU
		{5CB69886-7C5D-4D6F-88D4-0E083B20345A}.Release|Any CPU.ActiveCfg = Release|Any CPU
		{5CB69886-7C5D-4D6F-88D4-0E083B20345A}.Release|Any CPU.Build.0 = Release|Any CPU
	EndGlobalSection
	GlobalSection(SolutionProperties) = preSolution
		HideSolutionNode = FALSE
	EndGlobalSection
	GlobalSection(ExtensibilityGlobals) = postSolution
		SolutionGuid = {CCAA04FC-F14C-4688-B0CE-D3D21F578E10}
	EndGlobalSection
EndGlobal
